
Microsoft Visual Studio Solution File, Format Version 12.00
# Visual Studio Version 17
VisualStudioVersion = 17.7.34202.233
MinimumVisualStudioVersion = 10.0.40219.1
Project("{FAE04EC0-301F-11D3-BF4B-00C04F79EFBC}") = "QLCuaHangTienLoiV1", "QLCuaHangTienLoiV1\QLCuaHangTienLoiV1.csproj", "{F4446FF4-890A-4B99-9CF3-728950550E7D}"
EndProject
Global
	GlobalSection(SolutionConfigurationPlatforms) = preSolution
		Debug|Any CPU = Debug|Any CPU
		Release|Any CPU = Release|Any CPU
	EndGlobalSection
	GlobalSection(ProjectConfigurationPlatforms) = postSolution
		{F4446FF4-890A-4B99-9CF3-728950550E7D}.Debug|Any CPU.ActiveCfg = Debug|Any CPU
		{F4446FF4-890A-4B99-9CF3-728950550E7D}.Debug|Any CPU.Build.0 = Debug|Any CPU
		{F4446FF4-890A-4B99-9CF3-728950550E7D}.Release|Any CPU.ActiveCfg = Release|Any CPU
		{F4446FF4-890A-4B99-9CF3-728950550E7D}.Release|Any CPU.Build.0 = Release|Any CPU
	EndGlobalSection
	GlobalSection(SolutionProperties) = preSolution
		HideSolutionNode = FALSE
	EndGlobalSection
	GlobalSection(ExtensibilityGlobals) = postSolution
		SolutionGuid = {C29886E3-6688-42FD-9A8B-FB95D829E308}
	EndGlobalSection
EndGlobal
